
Microsoft Visual Studio Solution File, Format Version 12.00
# Visual Studio Version 16
VisualStudioVersion = 16.0.31515.178
MinimumVisualStudioVersion = 10.0.40219.1
Project("{FAE04EC0-301F-11D3-BF4B-00C04F79EFBC}") = "DungeonTreasures", "DungeonTreasures.csproj", "{A475DD82-4E6A-44FC-AD2C-57ADA2094F33}"
EndProject
Global
	GlobalSection(SolutionConfigurationPlatforms) = preSolution
		Debug|Any CPU = Debug|Any CPU
		Release|Any CPU = Release|Any CPU
	EndGlobalSection
	GlobalSection(ProjectConfigurationPlatforms) = postSolution
		{A475DD82-4E6A-44FC-AD2C-57ADA2094F33}.Debug|Any CPU.ActiveCfg = Debug|Any CPU
		{A475DD82-4E6A-44FC-AD2C-57ADA2094F33}.Debug|Any CPU.Build.0 = Debug|Any CPU
		{A475DD82-4E6A-44FC-AD2C-57ADA2094F33}.Release|Any CPU.ActiveCfg = Release|Any CPU
		{A475DD82-4E6A-44FC-AD2C-57ADA2094F33}.Release|Any CPU.Build.0 = Release|Any CPU
	EndGlobalSection
	GlobalSection(SolutionProperties) = preSolution
		HideSolutionNode = FALSE
	EndGlobalSection
	GlobalSection(ExtensibilityGlobals) = postSolution
		SolutionGuid = {75EC84F1-6666-4095-B153-5D2D38A75884}
	EndGlobalSection
EndGlobal
